lockfileVersion: '6.0'

settings:
  autoInstallPeers: true
  excludeLinksFromLockfile: false

dependencies:
  passkit-webservice-toolkit:
    specifier: ^1.0.3
    version: 1.0.3

devDependencies:
  '@hono/node-server':
    specifier: ^1.13.4
    version: 1.13.4(hono@4.6.8)
  '@types/node':
    specifier: ^20
    version: 20.17.6
  hono:
    specifier: ^4.6.8
    version: 4.6.8
  passkit-generator:
    specifier: ^3.2.0
    version: 3.2.0
  prettier:
    specifier: ^3.3.3
    version: 3.3.3
  typescript:
    specifier: ^5.6.3
    version: 5.6.3

packages:

  /@hapi/hoek@9.3.0:
    resolution: {integrity: sha512-/c6rf4UJlmHlC9b5BaNvzAcFv7HZ2QHaV0D4/HNlBdvFnvQq8RI4kYdhyPCl7Xj+oWvTWQ8ujhqS53LIgAe6KQ==}
    dev: true

  /@hapi/topo@5.1.0:
    resolution: {integrity: sha512-foQZKJig7Ob0BMAYBfcJk8d77QtOe7Wo4ox7ff1lQYoNNAb6jwcY1ncdoy2e9wQZzvNy7ODZCYJkK8kzmcAnAg==}
    dependencies:
      '@hapi/hoek': 9.3.0
    dev: true

  /@hono/node-server@1.13.4(hono@4.6.8):
    resolution: {integrity: sha512-3tW9lC0+2mRmoGUEnq0d8Pi3SToWjg8flM9Z+h5Aamy23jjpiFr7n3/HLqXve6EudOsgN2tG2hZusqzNYVRmRw==}
    engines: {node: '>=18.14.1'}
    peerDependencies:
      hono: ^4
    dependencies:
      hono: 4.6.8
    dev: true

  /@sideway/address@4.1.5:
    resolution: {integrity: sha512-IqO/DUQHUkPeixNQ8n0JA6102hT9CmaljNTPmQ1u8MEhBo/R4Q8eKLN/vGZxuebwOroDB4cbpjheD4+/sKFK4Q==}
    dependencies:
      '@hapi/hoek': 9.3.0
    dev: true

  /@sideway/formula@3.0.1:
    resolution: {integrity: sha512-/poHZJJVjx3L+zVD6g9KgHfYnb443oi7wLu/XKojDviHy6HOEOA6z1Trk5aR1dGcmPenJEgb2sK2I80LeS3MIg==}
    dev: true

  /@sideway/pinpoint@2.0.0:
    resolution: {integrity: sha512-RNiOoTPkptFtSVzQevY/yWtZwf/RxyVnPy/OcA9HBM3MlGDnBEYL5B41H0MTn0Uec8Hi+2qUtTfG2WWZBmMejQ==}
    dev: true

  /@types/node@20.17.6:
    resolution: {integrity: sha512-VEI7OdvK2wP7XHnsuXbAJnEpEkF6NjSN45QJlL4VGqZSXsnicpesdTWsg9RISeSdYd3yeRj/y3k5KGjUXYnFwQ==}
    dependencies:
      undici-types: 6.19.8
    dev: true

  /do-not-zip@1.0.0:
    resolution: {integrity: sha512-Pgd81ET43bhAGaN2Hq1zluSX1FmD7kl7KcV9ER/lawiLsRUB9pRA5y8r6us29Xk6BrINZETO8TjhYwtwafWUww==}
    dev: true

  /hono@4.6.8:
    resolution: {integrity: sha512-f+2Ec9JAzabT61pglDiLJcF/DjiSefZkjCn9bzm1cYLGkD5ExJ3Jnv93ax9h0bn7UPLHF81KktoyjdQfWI2n1Q==}
    engines: {node: '>=16.9.0'}
    dev: true

  /joi@17.4.2:
    resolution: {integrity: sha512-Lm56PP+n0+Z2A2rfRvsfWVDXGEWjXxatPopkQ8qQ5mxCEhwHG+Ettgg5o98FFaxilOxozoa14cFhrE/hOzh/Nw==}
    dependencies:
      '@hapi/hoek': 9.3.0
      '@hapi/topo': 5.1.0
      '@sideway/address': 4.1.5
      '@sideway/formula': 3.0.1
      '@sideway/pinpoint': 2.0.0
    dev: true

  /node-forge@1.3.1:
    resolution: {integrity: sha512-dPEtOeMvF9VMcYV/1Wb8CPoVAXtp6MKMlcbAt4ddqmGqUJ6fQZFXkNZNkNlfevtNkGtaSoXf/vNNNSvgrdXwtA==}
    engines: {node: '>= 6.13.0'}
    dev: true

  /passkit-generator@3.2.0:
    resolution: {integrity: sha512-Iqc48gJnQlonTSAFCkb4iR0JXn/RxNapn49oT6/Xv8VNWcRxpZJZyUhrpSxZmU5un91ncQeO85sXksp+hLEXGw==}
    engines: {node: '>=14.18.1'}
    dependencies:
      do-not-zip: 1.0.0
      joi: 17.4.2
      node-forge: 1.3.1
      tslib: 2.8.1
    dev: true

  /passkit-webservice-toolkit@1.0.3:
    resolution: {integrity: sha512-7mFxi8i5Cwo4KX2RQAzGc6c/yEVoDFbJF6XCsMm9H3uvn3MYMJAjzmsQFquSomICf4j4schNPDh5Fw1FH2CfVQ==}
    dependencies:
      tslib: 2.8.1
    dev: false

  /prettier@3.3.3:
    resolution: {integrity: sha512-i2tDNA0O5IrMO757lfrdQZCc2jPNDVntV0m/+4whiDfWaTKfMNgR7Qz0NAeGz/nRqF4m5/6CLzbP4/liHt12Ew==}
    engines: {node: '>=14'}
    hasBin: true
    dev: true

  /tslib@2.8.1:
    resolution: {integrity: sha512-oJFu94HQb+KVduSUQL7wnpmqnfmLsOA/nAh6b6EH0wCEoK0/mPeXU6c3wKDV83MkOuHPRHtSXKKU99IBazS/2w==}

  /typescript@5.6.3:
    resolution: {integrity: sha512-hjcS1mhfuyi4WW8IWtjP7brDrG2cuDZukyrYrSauoXGNgx0S7zceP07adYkJycEr56BOUTNPzbInooiN3fn1qw==}
    engines: {node: '>=14.17'}
    hasBin: true
    dev: true

  /undici-types@6.19.8:
    resolution: {integrity: sha512-ve2KP6f/JnbPBFyobGHuerC9g1FYGn/F8n1LWTwNxCEzd6IfqTwUQcNXgEtmmQ6DlRrC1hrSrBnCZPokRrDHjw==}
    dev: true
